// !$*UTF8*$!
{
	archiveVersion = 1;
	classes = {
	};
	objectVersion = 51;
	objects = {

/* Begin PBXBuildFile section */
		9D0875AB230592BB0085EDD9 /* OptionsTableViewCell.xib in Resources */ = {isa = PBXBuildFile; fileRef = 9D0875AA230592BA0085EDD9 /* OptionsTableViewCell.xib */; };
		9D09D7DF22F1E23800D4369F /* HomeViewController.swift in Sources */ = {isa = PBXBuildFile; fileRef = 9D09D7DE22F1E23800D4369F /* HomeViewController.swift */; };
		9D09D7E322F1E97400D4369F /* View.xib in Resources */ = {isa = PBXBuildFile; fileRef = 9D09D7E222F1E97400D4369F /* View.xib */; };
		9D0B6D2E231D3F3700E3A8F8 /* LoginFormView.temp_caseinsensitive_rename.swift in Sources */ = {isa = PBXBuildFile; fileRef = 9D0B6D2D231D3F3700E3A8F8 /* LoginFormView.temp_caseinsensitive_rename.swift */; };
		9D0B6D30231D594A00E3A8F8 /* DefaultsKeys.swift in Sources */ = {isa = PBXBuildFile; fileRef = 9D0B6D2F231D594A00E3A8F8 /* DefaultsKeys.swift */; };
		9D0B6D33231D62B300E3A8F8 /* Extencions.swift in Sources */ = {isa = PBXBuildFile; fileRef = 9D0B6D32231D62B300E3A8F8 /* Extencions.swift */; };
		9D0EEC4623014B9300891D7D /* GoodsTableViewCell.swift in Sources */ = {isa = PBXBuildFile; fileRef = 9D0EEC4423014B9300891D7D /* GoodsTableViewCell.swift */; };
		9D0EEC4723014B9300891D7D /* GoodsTableViewCell.xib in Resources */ = {isa = PBXBuildFile; fileRef = 9D0EEC4523014B9300891D7D /* GoodsTableViewCell.xib */; };
		9D0EEC4B23014C4700891D7D /* PaymentMethodTableViewCell.swift in Sources */ = {isa = PBXBuildFile; fileRef = 9D0EEC4923014C4700891D7D /* PaymentMethodTableViewCell.swift */; };
		9D0EEC4C23014C4700891D7D /* PaymentMethodTableViewCell.xib in Resources */ = {isa = PBXBuildFile; fileRef = 9D0EEC4A23014C4700891D7D /* PaymentMethodTableViewCell.xib */; };
		9D0EEC4F23014C5F00891D7D /* ClientDataTableViewCell.swift in Sources */ = {isa = PBXBuildFile; fileRef = 9D0EEC4D23014C5F00891D7D /* ClientDataTableViewCell.swift */; };
		9D0EEC5023014C5F00891D7D /* ClientDataTableViewCell.xib in Resources */ = {isa = PBXBuildFile; fileRef = 9D0EEC4E23014C5F00891D7D /* ClientDataTableViewCell.xib */; };
		9D0EEC5723014C8E00891D7D /* OptionsTableViewCell.swift in Sources */ = {isa = PBXBuildFile; fileRef = 9D0EEC5523014C8E00891D7D /* OptionsTableViewCell.swift */; };
		9D0EEC5B23014CA800891D7D /* DeliveryTypeTableViewCell.swift in Sources */ = {isa = PBXBuildFile; fileRef = 9D0EEC5923014CA800891D7D /* DeliveryTypeTableViewCell.swift */; };
		9D0EEC5C23014CA800891D7D /* DeliveryTypeTableViewCell.xib in Resources */ = {isa = PBXBuildFile; fileRef = 9D0EEC5A23014CA800891D7D /* DeliveryTypeTableViewCell.xib */; };
		9D0EEC5F230181F100891D7D /* ChooseProductCollectionViewCell.swift in Sources */ = {isa = PBXBuildFile; fileRef = 9D0EEC5D230181F100891D7D /* ChooseProductCollectionViewCell.swift */; };
		9D0EEC60230181F100891D7D /* ChooseProductCollectionViewCell.xib in Resources */ = {isa = PBXBuildFile; fileRef = 9D0EEC5E230181F100891D7D /* ChooseProductCollectionViewCell.xib */; };
		9D0EEC632301AAD200891D7D /* DataDeliveryTableViewCell.swift in Sources */ = {isa = PBXBuildFile; fileRef = 9D0EEC612301AAD200891D7D /* DataDeliveryTableViewCell.swift */; };
		9D0EEC642301AAD200891D7D /* DataDeliveryTableViewCell.xib in Resources */ = {isa = PBXBuildFile; fileRef = 9D0EEC622301AAD200891D7D /* DataDeliveryTableViewCell.xib */; };
		9D0EEC682301B46800891D7D /* AddPhotoTableViewCell.swift in Sources */ = {isa = PBXBuildFile; fileRef = 9D0EEC662301B46800891D7D /* AddPhotoTableViewCell.swift */; };
		9D0EEC692301B46800891D7D /* AddPhotoTableViewCell.xib in Resources */ = {isa = PBXBuildFile; fileRef = 9D0EEC672301B46800891D7D /* AddPhotoTableViewCell.xib */; };
		9D0EEC6C2301B64600891D7D /* PhotosCollectionViewCell.swift in Sources */ = {isa = PBXBuildFile; fileRef = 9D0EEC6A2301B64600891D7D /* PhotosCollectionViewCell.swift */; };
		9D0EEC6D2301B64600891D7D /* PhotosCollectionViewCell.xib in Resources */ = {isa = PBXBuildFile; fileRef = 9D0EEC6B2301B64600891D7D /* PhotosCollectionViewCell.xib */; };
		9D13039222FD50AC00DC983E /* OrderViewController.swift in Sources */ = {isa = PBXBuildFile; fileRef = 9D13039122FD50AC00DC983E /* OrderViewController.swift */; };
		9D13039422FD514D00DC983E /* ShippingAgrinentViewController.swift in Sources */ = {isa = PBXBuildFile; fileRef = 9D13039322FD514D00DC983E /* ShippingAgrinentViewController.swift */; };
		9D13039622FD8C6400DC983E /* ButtonForAddFotoOrder.swift in Sources */ = {isa = PBXBuildFile; fileRef = 9D13039522FD8C6400DC983E /* ButtonForAddFotoOrder.swift */; };
		9D136473231918B60074FE60 /* Strings.swift in Sources */ = {isa = PBXBuildFile; fileRef = 9D136472231918B60074FE60 /* Strings.swift */; };
		9D1364762319445A0074FE60 /* LoginViewModel.swift in Sources */ = {isa = PBXBuildFile; fileRef = 9D1364752319445A0074FE60 /* LoginViewModel.swift */; };
		9D13647D2319695D0074FE60 /* Color.swift in Sources */ = {isa = PBXBuildFile; fileRef = 9D13647C2319695D0074FE60 /* Color.swift */; };
		9D13647F23196E9A0074FE60 /* Fonts.swift in Sources */ = {isa = PBXBuildFile; fileRef = 9D13647E23196E9A0074FE60 /* Fonts.swift */; };
		9D1737F7231CFC68009EEDF6 /* RegistrationTableViewCell.swift in Sources */ = {isa = PBXBuildFile; fileRef = 9D1737F5231CFC68009EEDF6 /* RegistrationTableViewCell.swift */; };
		9D1737F8231CFC68009EEDF6 /* RegistrationTableViewCell.xib in Resources */ = {isa = PBXBuildFile; fileRef = 9D1737F6231CFC68009EEDF6 /* RegistrationTableViewCell.xib */; };
		9D1BFB11231E511E005E8024 /* HomeViewModel.swift in Sources */ = {isa = PBXBuildFile; fileRef = 9D1BFB10231E511E005E8024 /* HomeViewModel.swift */; };
		9D23E9F422F0808C00E0E2C0 /* Roboto-Bold.ttf in Resources */ = {isa = PBXBuildFile; fileRef = 9D23E9F222F0808B00E0E2C0 /* Roboto-Bold.ttf */; };
		9D23E9F522F0808C00E0E2C0 /* Roboto-Regular.ttf in Resources */ = {isa = PBXBuildFile; fileRef = 9D23E9F322F0808B00E0E2C0 /* Roboto-Regular.ttf */; };
		9D23E9F822F08AA500E0E2C0 /* FuturaDemiC.ttf in Resources */ = {isa = PBXBuildFile; fileRef = 9D23E9F722F08AA500E0E2C0 /* FuturaDemiC.ttf */; };
		9D6EE92322F97E3D00F8DFA6 /* FoundUserDetailViewController.swift in Sources */ = {isa = PBXBuildFile; fileRef = 9D6EE92222F97E3D00F8DFA6 /* FoundUserDetailViewController.swift */; };
		9DA30B4A230FE56C0054D1ED /* DeliveryTypeCollectionViewCell.swift in Sources */ = {isa = PBXBuildFile; fileRef = 9DA30B48230FE56C0054D1ED /* DeliveryTypeCollectionViewCell.swift */; };
		9DA30B4B230FE56C0054D1ED /* DeliveryTypeCollectionViewCell.xib in Resources */ = {isa = PBXBuildFile; fileRef = 9DA30B49230FE56C0054D1ED /* DeliveryTypeCollectionViewCell.xib */; };
		9DA30B4D2310126C0054D1ED /* ImagePicker.swift in Sources */ = {isa = PBXBuildFile; fileRef = 9DA30B4C2310126C0054D1ED /* ImagePicker.swift */; };
		9DA494162302B77700730624 /* DimensionsTableViewCell.swift in Sources */ = {isa = PBXBuildFile; fileRef = 9DA494142302B77700730624 /* DimensionsTableViewCell.swift */; };
		9DA494172302B77700730624 /* DimensionsTableViewCell.xib in Resources */ = {isa = PBXBuildFile; fileRef = 9DA494152302B77700730624 /* DimensionsTableViewCell.xib */; };
		9DA494192302D90500730624 /* CheckButton.swift in Sources */ = {isa = PBXBuildFile; fileRef = 9DA494182302D90500730624 /* CheckButton.swift */; };
		9DA4941B2302FE0F00730624 /* ConfirmOrderByCreator.swift in Sources */ = {isa = PBXBuildFile; fileRef = 9DA4941A2302FE0F00730624 /* ConfirmOrderByCreator.swift */; };
		9DACCB8022F415A400D9F433 /* MapView.swift in Sources */ = {isa = PBXBuildFile; fileRef = 9DACCB7F22F415A400D9F433 /* MapView.swift */; };
		9DACCB8822F42D7200D9F433 /* ButtonWithCornerRadius.swift in Sources */ = {isa = PBXBuildFile; fileRef = 9DACCB8722F42D7200D9F433 /* ButtonWithCornerRadius.swift */; };
		9DACCB8A22F42E8600D9F433 /* TextFieldWithCorner.swift in Sources */ = {isa = PBXBuildFile; fileRef = 9DACCB8922F42E8600D9F433 /* TextFieldWithCorner.swift */; };
		9DACCB8E22F4473C00D9F433 /* RestApi.swift in Sources */ = {isa = PBXBuildFile; fileRef = 9DACCB8D22F4473C00D9F433 /* RestApi.swift */; };
		9DCF034922EF1EEE00A7F283 /* ForgotPasswordViewControll.swift in Sources */ = {isa = PBXBuildFile; fileRef = 9DCF034822EF1EEE00A7F283 /* ForgotPasswordViewControll.swift */; };
		9DCF034B22EF364000A7F283 /* RegistrationViewController.swift in Sources */ = {isa = PBXBuildFile; fileRef = 9DCF034A22EF364000A7F283 /* RegistrationViewController.swift */; };
		9DD0BE7622F8465D00E55EA8 /* ContainerViewController.swift in Sources */ = {isa = PBXBuildFile; fileRef = 9DD0BE7522F8465D00E55EA8 /* ContainerViewController.swift */; };
		9DD0BE9E22F8727C00E55EA8 /* ClientDetailViewController.swift in Sources */ = {isa = PBXBuildFile; fileRef = 9DD0BE9D22F8727C00E55EA8 /* ClientDetailViewController.swift */; };
		9DD0BEA422F87B9200E55EA8 /* LeftMenuTableViewCell.swift in Sources */ = {isa = PBXBuildFile; fileRef = 9DD0BEA122F87B9200E55EA8 /* LeftMenuTableViewCell.swift */; };
		9DD0BEA522F87B9300E55EA8 /* LeftMenuTableViewCell.xib in Resources */ = {isa = PBXBuildFile; fileRef = 9DD0BEA222F87B9200E55EA8 /* LeftMenuTableViewCell.xib */; };
		9DD0BEA622F87B9300E55EA8 /* LeftMenuViewController.swift in Sources */ = {isa = PBXBuildFile; fileRef = 9DD0BEA322F87B9200E55EA8 /* LeftMenuViewController.swift */; };
		9DD884632326460B00305AFC /* Main.storyboard in Resources */ = {isa = PBXBuildFile; fileRef = 9DD884622326460B00305AFC /* Main.storyboard */; };
		9DDFD4002303EDC4007DDB36 /* HeaderOrderTableView.swift in Sources */ = {isa = PBXBuildFile; fileRef = 9DDFD3FF2303EDC4007DDB36 /* HeaderOrderTableView.swift */; };
		9DDFD4042303EEA0007DDB36 /* HeaderOrderTableView.xib in Resources */ = {isa = PBXBuildFile; fileRef = 9DDFD4022303EEA0007DDB36 /* HeaderOrderTableView.xib */; };
		9DDFD40623041A9B007DDB36 /* ClientData.swift in Sources */ = {isa = PBXBuildFile; fileRef = 9DDFD40523041A9B007DDB36 /* ClientData.swift */; };
		9DDFD4082304215D007DDB36 /* UserProfile.swift in Sources */ = {isa = PBXBuildFile; fileRef = 9DDFD4072304215D007DDB36 /* UserProfile.swift */; };
		9DF533A222EEDBE10036866C /* AppDelegate.swift in Sources */ = {isa = PBXBuildFile; fileRef = 9DF533A122EEDBE10036866C /* AppDelegate.swift */; };
		9DF533A422EEDBE10036866C /* LoginViewController.swift in Sources */ = {isa = PBXBuildFile; fileRef = 9DF533A322EEDBE10036866C /* LoginViewController.swift */; };
		9DF533A922EEDBE30036866C /* Assets.xcassets in Resources */ = {isa = PBXBuildFile; fileRef = 9DF533A822EEDBE30036866C /* Assets.xcassets */; };
		9DF533AC22EEDBE30036866C /* LaunchScreen.storyboard in Resources */ = {isa = PBXBuildFile; fileRef = 9DF533AA22EEDBE30036866C /* LaunchScreen.storyboard */; };
		9DFFAB7922F179880008F325 /* Roboto-Medium.ttf in Resources */ = {isa = PBXBuildFile; fileRef = 9DFFAB7822F179880008F325 /* Roboto-Medium.ttf */; };
		9DFFAB7B22F181D10008F325 /* fontello.ttf in Resources */ = {isa = PBXBuildFile; fileRef = 9DFFAB7A22F181D00008F325 /* fontello.ttf */; };
		C6584510C50C1F01F832B9EA /* Pods_Xeroe.framework in Frameworks */ = {isa = PBXBuildFile; fileRef = 4FA96868B0382980D707E3E7 /* Pods_Xeroe.framework */; };
/* End PBXBuildFile section */

/* Begin PBXFileReference section */
		049E9F30D17E25EF4C50520B /* Pods-Xeroe.release.xcconfig */ = {isa = PBXFileReference; includeInIndex = 1; lastKnownFileType = text.xcconfig; name = "Pods-Xeroe.release.xcconfig"; path = "Target Support Files/Pods-Xeroe/Pods-Xeroe.release.xcconfig"; sourceTree = "<group>"; };
		462B678E837F5DDE2DEF6AA4 /* Pods-Xeroe.debug.xcconfig */ = {isa = PBXFileReference; includeInIndex = 1; lastKnownFileType = text.xcconfig; name = "Pods-Xeroe.debug.xcconfig"; path = "Target Support Files/Pods-Xeroe/Pods-Xeroe.debug.xcconfig"; sourceTree = "<group>"; };
		4FA96868B0382980D707E3E7 /* Pods_Xeroe.framework */ = {isa = PBXFileReference; explicitFileType = wrapper.framework; includeInIndex = 0; path = Pods_Xeroe.framework; sourceTree = BUILT_PRODUCTS_DIR; };
		9D0875AA230592BA0085EDD9 /* OptionsTableViewCell.xib */ = {isa = PBXFileReference; fileEncoding = 4; lastKnownFileType = file.xib; path = OptionsTableViewCell.xib; sourceTree = "<group>"; };
		9D09D7DE22F1E23800D4369F /* HomeViewController.swift */ = {isa = PBXFileReference; fileEncoding = 4; lastKnownFileType = sourcecode.swift; path = HomeViewController.swift; sourceTree = "<group>"; };
		9D09D7E222F1E97400D4369F /* View.xib */ = {isa = PBXFileReference; lastKnownFileType = file.xib; path = View.xib; sourceTree = "<group>"; };
		9D0B6D2D231D3F3700E3A8F8 /* LoginFormView.temp_caseinsensitive_rename.swift */ = {isa = PBXFileReference; lastKnownFileType = sourcecode.swift; path = LoginFormView.temp_caseinsensitive_rename.swift; sourceTree = "<group>"; };
		9D0B6D2F231D594A00E3A8F8 /* DefaultsKeys.swift */ = {isa = PBXFileReference; lastKnownFileType = sourcecode.swift; path = DefaultsKeys.swift; sourceTree = "<group>"; };
		9D0B6D32231D62B300E3A8F8 /* Extencions.swift */ = {isa = PBXFileReference; lastKnownFileType = sourcecode.swift; path = Extencions.swift; sourceTree = "<group>"; };
		9D0EEC4423014B9300891D7D /* GoodsTableViewCell.swift */ = {isa = PBXFileReference; lastKnownFileType = sourcecode.swift; path = GoodsTableViewCell.swift; sourceTree = "<group>"; };
		9D0EEC4523014B9300891D7D /* GoodsTableViewCell.xib */ = {isa = PBXFileReference; lastKnownFileType = file.xib; path = GoodsTableViewCell.xib; sourceTree = "<group>"; };
		9D0EEC4923014C4700891D7D /* PaymentMethodTableViewCell.swift */ = {isa = PBXFileReference; lastKnownFileType = sourcecode.swift; path = PaymentMethodTableViewCell.swift; sourceTree = "<group>"; };
		9D0EEC4A23014C4700891D7D /* PaymentMethodTableViewCell.xib */ = {isa = PBXFileReference; lastKnownFileType = file.xib; path = PaymentMethodTableViewCell.xib; sourceTree = "<group>"; };
		9D0EEC4D23014C5F00891D7D /* ClientDataTableViewCell.swift */ = {isa = PBXFileReference; lastKnownFileType = sourcecode.swift; path = ClientDataTableViewCell.swift; sourceTree = "<group>"; };
		9D0EEC4E23014C5F00891D7D /* ClientDataTableViewCell.xib */ = {isa = PBXFileReference; lastKnownFileType = file.xib; path = ClientDataTableViewCell.xib; sourceTree = "<group>"; };
		9D0EEC5523014C8E00891D7D /* OptionsTableViewCell.swift */ = {isa = PBXFileReference; lastKnownFileType = sourcecode.swift; path = OptionsTableViewCell.swift; sourceTree = "<group>"; };
		9D0EEC5923014CA800891D7D /* DeliveryTypeTableViewCell.swift */ = {isa = PBXFileReference; lastKnownFileType = sourcecode.swift; path = DeliveryTypeTableViewCell.swift; sourceTree = "<group>"; };
		9D0EEC5A23014CA800891D7D /* DeliveryTypeTableViewCell.xib */ = {isa = PBXFileReference; lastKnownFileType = file.xib; path = DeliveryTypeTableViewCell.xib; sourceTree = "<group>"; };
		9D0EEC5D230181F100891D7D /* ChooseProductCollectionViewCell.swift */ = {isa = PBXFileReference; lastKnownFileType = sourcecode.swift; path = ChooseProductCollectionViewCell.swift; sourceTree = "<group>"; };
		9D0EEC5E230181F100891D7D /* ChooseProductCollectionViewCell.xib */ = {isa = PBXFileReference; lastKnownFileType = file.xib; path = ChooseProductCollectionViewCell.xib; sourceTree = "<group>"; };
		9D0EEC612301AAD200891D7D /* DataDeliveryTableViewCell.swift */ = {isa = PBXFileReference; lastKnownFileType = sourcecode.swift; path = DataDeliveryTableViewCell.swift; sourceTree = "<group>"; };
		9D0EEC622301AAD200891D7D /* DataDeliveryTableViewCell.xib */ = {isa = PBXFileReference; lastKnownFileType = file.xib; path = DataDeliveryTableViewCell.xib; sourceTree = "<group>"; };
		9D0EEC662301B46800891D7D /* AddPhotoTableViewCell.swift */ = {isa = PBXFileReference; lastKnownFileType = sourcecode.swift; path = AddPhotoTableViewCell.swift; sourceTree = "<group>"; };
		9D0EEC672301B46800891D7D /* AddPhotoTableViewCell.xib */ = {isa = PBXFileReference; lastKnownFileType = file.xib; path = AddPhotoTableViewCell.xib; sourceTree = "<group>"; };
		9D0EEC6A2301B64600891D7D /* PhotosCollectionViewCell.swift */ = {isa = PBXFileReference; lastKnownFileType = sourcecode.swift; path = PhotosCollectionViewCell.swift; sourceTree = "<group>"; };
		9D0EEC6B2301B64600891D7D /* PhotosCollectionViewCell.xib */ = {isa = PBXFileReference; lastKnownFileType = file.xib; path = PhotosCollectionViewCell.xib; sourceTree = "<group>"; };
		9D13039122FD50AC00DC983E /* OrderViewController.swift */ = {isa = PBXFileReference; lastKnownFileType = sourcecode.swift; path = OrderViewController.swift; sourceTree = "<group>"; };
		9D13039322FD514D00DC983E /* ShippingAgrinentViewController.swift */ = {isa = PBXFileReference; lastKnownFileType = sourcecode.swift; path = ShippingAgrinentViewController.swift; sourceTree = "<group>"; };
		9D13039522FD8C6400DC983E /* ButtonForAddFotoOrder.swift */ = {isa = PBXFileReference; lastKnownFileType = sourcecode.swift; path = ButtonForAddFotoOrder.swift; sourceTree = "<group>"; };
		9D136472231918B60074FE60 /* Strings.swift */ = {isa = PBXFileReference; lastKnownFileType = sourcecode.swift; path = Strings.swift; sourceTree = "<group>"; };
		9D1364752319445A0074FE60 /* LoginViewModel.swift */ = {isa = PBXFileReference; lastKnownFileType = sourcecode.swift; path = LoginViewModel.swift; sourceTree = "<group>"; };
		9D13647C2319695D0074FE60 /* Color.swift */ = {isa = PBXFileReference; lastKnownFileType = sourcecode.swift; path = Color.swift; sourceTree = "<group>"; };
		9D13647E23196E9A0074FE60 /* Fonts.swift */ = {isa = PBXFileReference; lastKnownFileType = sourcecode.swift; path = Fonts.swift; sourceTree = "<group>"; };
		9D1737F5231CFC68009EEDF6 /* RegistrationTableViewCell.swift */ = {isa = PBXFileReference; lastKnownFileType = sourcecode.swift; path = RegistrationTableViewCell.swift; sourceTree = "<group>"; };
		9D1737F6231CFC68009EEDF6 /* RegistrationTableViewCell.xib */ = {isa = PBXFileReference; lastKnownFileType = file.xib; path = RegistrationTableViewCell.xib; sourceTree = "<group>"; };
		9D1BFB10231E511E005E8024 /* HomeViewModel.swift */ = {isa = PBXFileReference; lastKnownFileType = sourcecode.swift; path = HomeViewModel.swift; sourceTree = "<group>"; };
		9D23E9F222F0808B00E0E2C0 /* Roboto-Bold.ttf */ = {isa = PBXFileReference; lastKnownFileType = file; path = "Roboto-Bold.ttf"; sourceTree = "<group>"; };
		9D23E9F322F0808B00E0E2C0 /* Roboto-Regular.ttf */ = {isa = PBXFileReference; lastKnownFileType = file; path = "Roboto-Regular.ttf"; sourceTree = "<group>"; };
		9D23E9F722F08AA500E0E2C0 /* FuturaDemiC.ttf */ = {isa = PBXFileReference; lastKnownFileType = file; path = FuturaDemiC.ttf; sourceTree = "<group>"; };
		9D6EE92222F97E3D00F8DFA6 /* FoundUserDetailViewController.swift */ = {isa = PBXFileReference; lastKnownFileType = sourcecode.swift; path = FoundUserDetailViewController.swift; sourceTree = "<group>"; };
		9DA30B48230FE56C0054D1ED /* DeliveryTypeCollectionViewCell.swift */ = {isa = PBXFileReference; lastKnownFileType = sourcecode.swift; path = DeliveryTypeCollectionViewCell.swift; sourceTree = "<group>"; };
		9DA30B49230FE56C0054D1ED /* DeliveryTypeCollectionViewCell.xib */ = {isa = PBXFileReference; lastKnownFileType = file.xib; path = DeliveryTypeCollectionViewCell.xib; sourceTree = "<group>"; };
		9DA30B4C2310126C0054D1ED /* ImagePicker.swift */ = {isa = PBXFileReference; lastKnownFileType = sourcecode.swift; path = ImagePicker.swift; sourceTree = "<group>"; };
		9DA494142302B77700730624 /* DimensionsTableViewCell.swift */ = {isa = PBXFileReference; lastKnownFileType = sourcecode.swift; path = DimensionsTableViewCell.swift; sourceTree = "<group>"; };
		9DA494152302B77700730624 /* DimensionsTableViewCell.xib */ = {isa = PBXFileReference; lastKnownFileType = file.xib; path = DimensionsTableViewCell.xib; sourceTree = "<group>"; };
		9DA494182302D90500730624 /* CheckButton.swift */ = {isa = PBXFileReference; lastKnownFileType = sourcecode.swift; path = CheckButton.swift; sourceTree = "<group>"; };
		9DA4941A2302FE0F00730624 /* ConfirmOrderByCreator.swift */ = {isa = PBXFileReference; lastKnownFileType = sourcecode.swift; path = ConfirmOrderByCreator.swift; sourceTree = "<group>"; };
		9DACCB7F22F415A400D9F433 /* MapView.swift */ = {isa = PBXFileReference; lastKnownFileType = sourcecode.swift; path = MapView.swift; sourceTree = "<group>"; };
		9DACCB8722F42D7200D9F433 /* ButtonWithCornerRadius.swift */ = {isa = PBXFileReference; lastKnownFileType = sourcecode.swift; path = ButtonWithCornerRadius.swift; sourceTree = "<group>"; };
		9DACCB8922F42E8600D9F433 /* TextFieldWithCorner.swift */ = {isa = PBXFileReference; lastKnownFileType = sourcecode.swift; path = TextFieldWithCorner.swift; sourceTree = "<group>"; };
		9DACCB8D22F4473C00D9F433 /* RestApi.swift */ = {isa = PBXFileReference; lastKnownFileType = sourcecode.swift; path = RestApi.swift; sourceTree = "<group>"; };
		9DCF034822EF1EEE00A7F283 /* ForgotPasswordViewControll.swift */ = {isa = PBXFileReference; lastKnownFileType = sourcecode.swift; path = ForgotPasswordViewControll.swift; sourceTree = "<group>"; };
		9DCF034A22EF364000A7F283 /* RegistrationViewController.swift */ = {isa = PBXFileReference; lastKnownFileType = sourcecode.swift; path = RegistrationViewController.swift; sourceTree = "<group>"; };
		9DD0BE5522F817FE00E55EA8 /* MapKit.framework */ = {isa = PBXFileReference; lastKnownFileType = wrapper.framework; name = MapKit.framework; path = System/Library/Frameworks/MapKit.framework; sourceTree = SDKROOT; };
		9DD0BE7522F8465D00E55EA8 /* ContainerViewController.swift */ = {isa = PBXFileReference; lastKnownFileType = sourcecode.swift; path = ContainerViewController.swift; sourceTree = "<group>"; };
		9DD0BE9D22F8727C00E55EA8 /* ClientDetailViewController.swift */ = {isa = PBXFileReference; lastKnownFileType = sourcecode.swift; path = ClientDetailViewController.swift; sourceTree = "<group>"; };
		9DD0BEA122F87B9200E55EA8 /* LeftMenuTableViewCell.swift */ = {isa = PBXFileReference; fileEncoding = 4; lastKnownFileType = sourcecode.swift; path = LeftMenuTableViewCell.swift; sourceTree = "<group>"; };
		9DD0BEA222F87B9200E55EA8 /* LeftMenuTableViewCell.xib */ = {isa = PBXFileReference; fileEncoding = 4; lastKnownFileType = file.xib; path = LeftMenuTableViewCell.xib; sourceTree = "<group>"; };
		9DD0BEA322F87B9200E55EA8 /* LeftMenuViewController.swift */ = {isa = PBXFileReference; fileEncoding = 4; lastKnownFileType = sourcecode.swift; path = LeftMenuViewController.swift; sourceTree = "<group>"; };
		9DD884622326460B00305AFC /* Main.storyboard */ = {isa = PBXFileReference; fileEncoding = 4; lastKnownFileType = file.storyboard; path = Main.storyboard; sourceTree = "<group>"; };
		9DDFD3FF2303EDC4007DDB36 /* HeaderOrderTableView.swift */ = {isa = PBXFileReference; lastKnownFileType = sourcecode.swift; path = HeaderOrderTableView.swift; sourceTree = "<group>"; };
		9DDFD4022303EEA0007DDB36 /* HeaderOrderTableView.xib */ = {isa = PBXFileReference; lastKnownFileType = file.xib; path = HeaderOrderTableView.xib; sourceTree = "<group>"; };
		9DDFD40523041A9B007DDB36 /* ClientData.swift */ = {isa = PBXFileReference; lastKnownFileType = sourcecode.swift; path = ClientData.swift; sourceTree = "<group>"; };
		9DDFD4072304215D007DDB36 /* UserProfile.swift */ = {isa = PBXFileReference; lastKnownFileType = sourcecode.swift; path = UserProfile.swift; sourceTree = "<group>"; };
		9DF5339E22EEDBE10036866C /* Xeroe.app */ = {isa = PBXFileReference; explicitFileType = wrapper.application; includeInIndex = 0; path = Xeroe.app; sourceTree = BUILT_PRODUCTS_DIR; };
		9DF533A122EEDBE10036866C /* AppDelegate.swift */ = {isa = PBXFileReference; lastKnownFileType = sourcecode.swift; path = AppDelegate.swift; sourceTree = "<group>"; };
		9DF533A322EEDBE10036866C /* LoginViewController.swift */ = {isa = PBXFileReference; lastKnownFileType = sourcecode.swift; path = LoginViewController.swift; sourceTree = "<group>"; };
		9DF533A822EEDBE30036866C /* Assets.xcassets */ = {isa = PBXFileReference; lastKnownFileType = folder.assetcatalog; path = Assets.xcassets; sourceTree = "<group>"; };
		9DF533AB22EEDBE30036866C /* Base */ = {isa = PBXFileReference; lastKnownFileType = file.storyboard; name = Base; path = Base.lproj/LaunchScreen.storyboard; sourceTree = "<group>"; };
		9DF533AD22EEDBE30036866C /* Info.plist */ = {isa = PBXFileReference; lastKnownFileType = text.plist.xml; path = Info.plist; sourceTree = "<group>"; };
		9DFFAB7822F179880008F325 /* Roboto-Medium.ttf */ = {isa = PBXFileReference; lastKnownFileType = file; path = "Roboto-Medium.ttf"; sourceTree = "<group>"; };
		9DFFAB7A22F181D00008F325 /* fontello.ttf */ = {isa = PBXFileReference; lastKnownFileType = file; path = fontello.ttf; sourceTree = "<group>"; };
/* End PBXFileReference section */

/* Begin PBXFrameworksBuildPhase section */
		9DF5339B22EEDBE10036866C /* Frameworks */ = {
			isa = PBXFrameworksBuildPhase;
			buildActionMask = 2147483647;
			files = (
				C6584510C50C1F01F832B9EA /* Pods_Xeroe.framework in Frameworks */,
			);
			runOnlyForDeploymentPostprocessing = 0;
		};
/* End PBXFrameworksBuildPhase section */

/* Begin PBXGroup section */
		9D08B9FE2302997E00F49A2A /* Photos Collection View Cell */ = {
			isa = PBXGroup;
			children = (
				9D0EEC6A2301B64600891D7D /* PhotosCollectionViewCell.swift */,
				9D0EEC6B2301B64600891D7D /* PhotosCollectionViewCell.xib */,
			);
			path = "Photos Collection View Cell";
			sourceTree = "<group>";
		};
		9D0B6D31231D599200E3A8F8 /* Settings */ = {
			isa = PBXGroup;
			children = (
				9D136472231918B60074FE60 /* Strings.swift */,
				9D13647C2319695D0074FE60 /* Color.swift */,
				9D13647E23196E9A0074FE60 /* Fonts.swift */,
				9D0B6D2F231D594A00E3A8F8 /* DefaultsKeys.swift */,
			);
			path = Settings;
			sourceTree = "<group>";
		};
		9D0B6D34231D62C200E3A8F8 /* Utilits */ = {
			isa = PBXGroup;
			children = (
				9D0B6D32231D62B300E3A8F8 /* Extencions.swift */,
			);
			path = Utilits;
			sourceTree = "<group>";
		};
		9D0EEC4823014B9F00891D7D /* Orders Table View Cell */ = {
			isa = PBXGroup;
			children = (
				9D0EEC4423014B9300891D7D /* GoodsTableViewCell.swift */,
				9D0EEC4523014B9300891D7D /* GoodsTableViewCell.xib */,
				9D0EEC652301AED100891D7D /* Cell In Goods Cell */,
				9D0EEC4923014C4700891D7D /* PaymentMethodTableViewCell.swift */,
				9D0EEC4A23014C4700891D7D /* PaymentMethodTableViewCell.xib */,
				9D0EEC4D23014C5F00891D7D /* ClientDataTableViewCell.swift */,
				9D0EEC4E23014C5F00891D7D /* ClientDataTableViewCell.xib */,
				9D0EEC5523014C8E00891D7D /* OptionsTableViewCell.swift */,
				9D0875AA230592BA0085EDD9 /* OptionsTableViewCell.xib */,
				9D0EEC5923014CA800891D7D /* DeliveryTypeTableViewCell.swift */,
				9D0EEC5A23014CA800891D7D /* DeliveryTypeTableViewCell.xib */,
				9D91CE7F230D3A80002ECCCB /* Delivery type Collection Cell */,
				9DDFD3FF2303EDC4007DDB36 /* HeaderOrderTableView.swift */,
				9DDFD4022303EEA0007DDB36 /* HeaderOrderTableView.xib */,
			);
			path = "Orders Table View Cell";
			sourceTree = "<group>";
		};
		9D0EEC652301AED100891D7D /* Cell In Goods Cell */ = {
			isa = PBXGroup;
			children = (
				9D0EEC5D230181F100891D7D /* ChooseProductCollectionViewCell.swift */,
				9D0EEC5E230181F100891D7D /* ChooseProductCollectionViewCell.xib */,
				9D0EEC612301AAD200891D7D /* DataDeliveryTableViewCell.swift */,
				9D0EEC622301AAD200891D7D /* DataDeliveryTableViewCell.xib */,
				9D0EEC662301B46800891D7D /* AddPhotoTableViewCell.swift */,
				9D0EEC672301B46800891D7D /* AddPhotoTableViewCell.xib */,
				9D08B9FE2302997E00F49A2A /* Photos Collection View Cell */,
				9DA494142302B77700730624 /* DimensionsTableViewCell.swift */,
				9DA494152302B77700730624 /* DimensionsTableViewCell.xib */,
			);
			path = "Cell In Goods Cell";
			sourceTree = "<group>";
		};
		9D13647B231968390074FE60 /* Registration Cell */ = {
			isa = PBXGroup;
			children = (
				9D1737F5231CFC68009EEDF6 /* RegistrationTableViewCell.swift */,
				9D1737F6231CFC68009EEDF6 /* RegistrationTableViewCell.xib */,
			);
			path = "Registration Cell";
			sourceTree = "<group>";
		};
		9D23E9F622F08A6E00E0E2C0 /* Fonts */ = {
			isa = PBXGroup;
			children = (
				9D23E9F222F0808B00E0E2C0 /* Roboto-Bold.ttf */,
				9D23E9F322F0808B00E0E2C0 /* Roboto-Regular.ttf */,
				9DFFAB7822F179880008F325 /* Roboto-Medium.ttf */,
				9D23E9F722F08AA500E0E2C0 /* FuturaDemiC.ttf */,
				9DFFAB7A22F181D00008F325 /* fontello.ttf */,
			);
			path = Fonts;
			sourceTree = "<group>";
		};
		9D75BE6B22F0337C001E907B /* Models */ = {
			isa = PBXGroup;
			children = (
				9DACCB8D22F4473C00D9F433 /* RestApi.swift */,
				9DDFD4072304215D007DDB36 /* UserProfile.swift */,
				9DDFD40523041A9B007DDB36 /* ClientData.swift */,
				9DA4941A2302FE0F00730624 /* ConfirmOrderByCreator.swift */,
			);
			path = Models;
			sourceTree = "<group>";
		};
		9D91CE7F230D3A80002ECCCB /* Delivery type Collection Cell */ = {
			isa = PBXGroup;
			children = (
				9DA30B48230FE56C0054D1ED /* DeliveryTypeCollectionViewCell.swift */,
				9DA30B49230FE56C0054D1ED /* DeliveryTypeCollectionViewCell.xib */,
			);
			name = "Delivery type Collection Cell";
			sourceTree = "<group>";
		};
		9DACCB8B22F431BF00D9F433 /* MutableUIObjects */ = {
			isa = PBXGroup;
			children = (
				9D13039522FD8C6400DC983E /* ButtonForAddFotoOrder.swift */,
				9DA494182302D90500730624 /* CheckButton.swift */,
				9DACCB8722F42D7200D9F433 /* ButtonWithCornerRadius.swift */,
				9DACCB8922F42E8600D9F433 /* TextFieldWithCorner.swift */,
				9DA30B4C2310126C0054D1ED /* ImagePicker.swift */,
			);
			path = MutableUIObjects;
			sourceTree = "<group>";
		};
		9DACCB8C22F4320100D9F433 /* LoginVC */ = {
			isa = PBXGroup;
			children = (
				9DF533A322EEDBE10036866C /* LoginViewController.swift */,
				9D1364752319445A0074FE60 /* LoginViewModel.swift */,
				9D0B6D2D231D3F3700E3A8F8 /* LoginFormView.temp_caseinsensitive_rename.swift */,
				9DCF034822EF1EEE00A7F283 /* ForgotPasswordViewControll.swift */,
				9DCF034A22EF364000A7F283 /* RegistrationViewController.swift */,
				9D13647B231968390074FE60 /* Registration Cell */,
			);
			path = LoginVC;
			sourceTree = "<group>";
		};
		9DD0BE5622F8182F00E55EA8 /* draft */ = {
			isa = PBXGroup;
			children = (
				9DD0BE9D22F8727C00E55EA8 /* ClientDetailViewController.swift */,
				9D09D7E222F1E97400D4369F /* View.xib */,
				9DACCB7F22F415A400D9F433 /* MapView.swift */,
			);
			path = draft;
			sourceTree = "<group>";
		};
		9DD0BE5722F81DDB00E55EA8 /* Left menu */ = {
			isa = PBXGroup;
			children = (
				9DD0BEA322F87B9200E55EA8 /* LeftMenuViewController.swift */,
				9DD0BEA122F87B9200E55EA8 /* LeftMenuTableViewCell.swift */,
				9DD0BE7522F8465D00E55EA8 /* ContainerViewController.swift */,
				9DD0BEA222F87B9200E55EA8 /* LeftMenuTableViewCell.xib */,
			);
			path = "Left menu";
			sourceTree = "<group>";
		};
		9DF5339522EEDBE00036866C = {
			isa = PBXGroup;
			children = (
				9DF533A022EEDBE10036866C /* Xeroe */,
				9DF5339F22EEDBE10036866C /* Products */,
				A21E6A318FC93CD9EDD2FD6C /* Pods */,
				B45D06F90FF36F3B5DA3C328 /* Frameworks */,
			);
			sourceTree = "<group>";
		};
		9DF5339F22EEDBE10036866C /* Products */ = {
			isa = PBXGroup;
			children = (
				9DF5339E22EEDBE10036866C /* Xeroe.app */,
			);
			name = Products;
			sourceTree = "<group>";
		};
		9DF533A022EEDBE10036866C /* Xeroe */ = {
			isa = PBXGroup;
			children = (
				9DF533A122EEDBE10036866C /* AppDelegate.swift */,
				9DF533A822EEDBE30036866C /* Assets.xcassets */,
				9DD884622326460B00305AFC /* Main.storyboard */,
				9DACCB8C22F4320100D9F433 /* LoginVC */,
				9DD0BE5722F81DDB00E55EA8 /* Left menu */,
				9D09D7DE22F1E23800D4369F /* HomeViewController.swift */,
				9D1BFB10231E511E005E8024 /* HomeViewModel.swift */,
				9D6EE92222F97E3D00F8DFA6 /* FoundUserDetailViewController.swift */,
				9D13039322FD514D00DC983E /* ShippingAgrinentViewController.swift */,
				9D13039122FD50AC00DC983E /* OrderViewController.swift */,
				9D0EEC4823014B9F00891D7D /* Orders Table View Cell */,
				9D75BE6B22F0337C001E907B /* Models */,
				9DACCB8B22F431BF00D9F433 /* MutableUIObjects */,
				9D0B6D34231D62C200E3A8F8 /* Utilits */,
				9D0B6D31231D599200E3A8F8 /* Settings */,
				9DF533AA22EEDBE30036866C /* LaunchScreen.storyboard */,
				9DF533AD22EEDBE30036866C /* Info.plist */,
				9D23E9F622F08A6E00E0E2C0 /* Fonts */,
				9DD0BE5622F8182F00E55EA8 /* draft */,
			);
			path = Xeroe;
			sourceTree = "<group>";
		};
		A21E6A318FC93CD9EDD2FD6C /* Pods */ = {
			isa = PBXGroup;
			children = (
				462B678E837F5DDE2DEF6AA4 /* Pods-Xeroe.debug.xcconfig */,
				049E9F30D17E25EF4C50520B /* Pods-Xeroe.release.xcconfig */,
			);
			path = Pods;
			sourceTree = "<group>";
		};
		B45D06F90FF36F3B5DA3C328 /* Frameworks */ = {
			isa = PBXGroup;
			children = (
				9DD0BE5522F817FE00E55EA8 /* MapKit.framework */,
				4FA96868B0382980D707E3E7 /* Pods_Xeroe.framework */,
			);
			name = Frameworks;
			sourceTree = "<group>";
		};
/* End PBXGroup section */

/* Begin PBXNativeTarget section */
		9DF5339D22EEDBE10036866C /* Xeroe */ = {
			isa = PBXNativeTarget;
			buildConfigurationList = 9DF533B022EEDBE30036866C /* Build configuration list for PBXNativeTarget "Xeroe" */;
			buildPhases = (
				99D6C1BC8A637EBCA808ADAB /* [CP] Check Pods Manifest.lock */,
				9DF5339A22EEDBE10036866C /* Sources */,
				9DF5339B22EEDBE10036866C /* Frameworks */,
				9DF5339C22EEDBE10036866C /* Resources */,
				DE9D1F9A8CA2102E8884F350 /* [CP] Embed Pods Frameworks */,
				B33A1C71758DF9FD4C7EC470 /* [CP] Copy Pods Resources */,
			);
			buildRules = (
			);
			dependencies = (
			);
			name = Xeroe;
			productName = Xeroe;
			productReference = 9DF5339E22EEDBE10036866C /* Xeroe.app */;
			productType = "com.apple.product-type.application";
		};
/* End PBXNativeTarget section */

/* Begin PBXProject section */
		9DF5339622EEDBE00036866C /* Project object */ = {
			isa = PBXProject;
			attributes = {
				LastSwiftUpdateCheck = 1030;
				LastUpgradeCheck = 1030;
				ORGANIZATIONNAME = "Денис Марков";
				TargetAttributes = {
					9DF5339D22EEDBE10036866C = {
						CreatedOnToolsVersion = 10.3;
						LastSwiftMigration = 1030;
					};
				};
			};
			buildConfigurationList = 9DF5339922EEDBE00036866C /* Build configuration list for PBXProject "Xeroe" */;
			compatibilityVersion = "Xcode 9.3";
			developmentRegion = en;
			hasScannedForEncodings = 0;
			knownRegions = (
				en,
				Base,
			);
			mainGroup = 9DF5339522EEDBE00036866C;
			productRefGroup = 9DF5339F22EEDBE10036866C /* Products */;
			projectDirPath = "";
			projectRoot = "";
			targets = (
				9DF5339D22EEDBE10036866C /* Xeroe */,
			);
		};
/* End PBXProject section */

/* Begin PBXResourcesBuildPhase section */
		9DF5339C22EEDBE10036866C /* Resources */ = {
			isa = PBXResourcesBuildPhase;
			buildActionMask = 2147483647;
			files = (
				9D09D7E322F1E97400D4369F /* View.xib in Resources */,
				9D0EEC4C23014C4700891D7D /* PaymentMethodTableViewCell.xib in Resources */,
				9DA494172302B77700730624 /* DimensionsTableViewCell.xib in Resources */,
				9D0EEC4723014B9300891D7D /* GoodsTableViewCell.xib in Resources */,
				9D0EEC60230181F100891D7D /* ChooseProductCollectionViewCell.xib in Resources */,
				9D23E9F822F08AA500E0E2C0 /* FuturaDemiC.ttf in Resources */,
				9DF533AC22EEDBE30036866C /* LaunchScreen.storyboard in Resources */,
				9D0EEC5C23014CA800891D7D /* DeliveryTypeTableViewCell.xib in Resources */,
				9DD884632326460B00305AFC /* Main.storyboard in Resources */,
				9DF533A922EEDBE30036866C /* Assets.xcassets in Resources */,
				9DDFD4042303EEA0007DDB36 /* HeaderOrderTableView.xib in Resources */,
				9DFFAB7B22F181D10008F325 /* fontello.ttf in Resources */,
				9DFFAB7922F179880008F325 /* Roboto-Medium.ttf in Resources */,
				9D0EEC6D2301B64600891D7D /* PhotosCollectionViewCell.xib in Resources */,
				9D0EEC642301AAD200891D7D /* DataDeliveryTableViewCell.xib in Resources */,
				9DD0BEA522F87B9300E55EA8 /* LeftMenuTableViewCell.xib in Resources */,
				9D0EEC5023014C5F00891D7D /* ClientDataTableViewCell.xib in Resources */,
				9D0875AB230592BB0085EDD9 /* OptionsTableViewCell.xib in Resources */,
				9D1737F8231CFC68009EEDF6 /* RegistrationTableViewCell.xib in Resources */,
				9DA30B4B230FE56C0054D1ED /* DeliveryTypeCollectionViewCell.xib in Resources */,
				9D23E9F522F0808C00E0E2C0 /* Roboto-Regular.ttf in Resources */,
				9D0EEC692301B46800891D7D /* AddPhotoTableViewCell.xib in Resources */,
				9D23E9F422F0808C00E0E2C0 /* Roboto-Bold.ttf in Resources */,
			);
			runOnlyForDeploymentPostprocessing = 0;
		};
/* End PBXResourcesBuildPhase section */

/* Begin PBXShellScriptBuildPhase section */
		99D6C1BC8A637EBCA808ADAB /* [CP] Check Pods Manifest.lock */ = {
			isa = PBXShellScriptBuildPhase;
			buildActionMask = 2147483647;
			files = (
			);
			inputFileListPaths = (
			);
			inputPaths = (
				"${PODS_PODFILE_DIR_PATH}/Podfile.lock",
				"${PODS_ROOT}/Manifest.lock",
			);
			name = "[CP] Check Pods Manifest.lock";
			outputFileListPaths = (
			);
			outputPaths = (
				"$(DERIVED_FILE_DIR)/Pods-Xeroe-checkManifestLockResult.txt",
			);
			runOnlyForDeploymentPostprocessing = 0;
			shellPath = /bin/sh;
			shellScript = "diff \"${PODS_PODFILE_DIR_PATH}/Podfile.lock\" \"${PODS_ROOT}/Manifest.lock\" > /dev/null\nif [ $? != 0 ] ; then\n    # print error to STDERR\n    echo \"error: The sandbox is not in sync with the Podfile.lock. Run 'pod install' or update your CocoaPods installation.\" >&2\n    exit 1\nfi\n# This output is used by Xcode 'outputs' to avoid re-running this script phase.\necho \"SUCCESS\" > \"${SCRIPT_OUTPUT_FILE_0}\"\n";
			showEnvVarsInLog = 0;
		};
		B33A1C71758DF9FD4C7EC470 /* [CP] Copy Pods Resources */ = {
			isa = PBXShellScriptBuildPhase;
			buildActionMask = 2147483647;
			files = (
			);
			inputFileListPaths = (
				"${PODS_ROOT}/Target Support Files/Pods-Xeroe/Pods-Xeroe-resources-${CONFIGURATION}-input-files.xcfilelist",
			);
			name = "[CP] Copy Pods Resources";
			outputFileListPaths = (
				"${PODS_ROOT}/Target Support Files/Pods-Xeroe/Pods-Xeroe-resources-${CONFIGURATION}-output-files.xcfilelist",
			);
			runOnlyForDeploymentPostprocessing = 0;
			shellPath = /bin/sh;
			shellScript = "\"${PODS_ROOT}/Target Support Files/Pods-Xeroe/Pods-Xeroe-resources.sh\"\n";
			showEnvVarsInLog = 0;
		};
		DE9D1F9A8CA2102E8884F350 /* [CP] Embed Pods Frameworks */ = {
			isa = PBXShellScriptBuildPhase;
			buildActionMask = 2147483647;
			files = (
			);
			inputFileListPaths = (
				"${PODS_ROOT}/Target Support Files/Pods-Xeroe/Pods-Xeroe-frameworks-${CONFIGURATION}-input-files.xcfilelist",
			);
			name = "[CP] Embed Pods Frameworks";
			outputFileListPaths = (
				"${PODS_ROOT}/Target Support Files/Pods-Xeroe/Pods-Xeroe-frameworks-${CONFIGURATION}-output-files.xcfilelist",
			);
			runOnlyForDeploymentPostprocessing = 0;
			shellPath = /bin/sh;
			shellScript = "\"${PODS_ROOT}/Target Support Files/Pods-Xeroe/Pods-Xeroe-frameworks.sh\"\n";
			showEnvVarsInLog = 0;
		};
/* End PBXShellScriptBuildPhase section */

/* Begin PBXSourcesBuildPhase section */
		9DF5339A22EEDBE10036866C /* Sources */ = {
			isa = PBXSourcesBuildPhase;
			buildActionMask = 2147483647;
			files = (
				9D0EEC682301B46800891D7D /* AddPhotoTableViewCell.swift in Sources */,
				9DF533A422EEDBE10036866C /* LoginViewController.swift in Sources */,
				9D0EEC4B23014C4700891D7D /* PaymentMethodTableViewCell.swift in Sources */,
				9D1BFB11231E511E005E8024 /* HomeViewModel.swift in Sources */,
				9DA30B4D2310126C0054D1ED /* ImagePicker.swift in Sources */,
				9D0EEC5F230181F100891D7D /* ChooseProductCollectionViewCell.swift in Sources */,
				9D0EEC4F23014C5F00891D7D /* ClientDataTableViewCell.swift in Sources */,
				9DCF034922EF1EEE00A7F283 /* ForgotPasswordViewControll.swift in Sources */,
				9D0EEC6C2301B64600891D7D /* PhotosCollectionViewCell.swift in Sources */,
				9D1364762319445A0074FE60 /* LoginViewModel.swift in Sources */,
				9DCF034B22EF364000A7F283 /* RegistrationViewController.swift in Sources */,
				9D0B6D30231D594A00E3A8F8 /* DefaultsKeys.swift in Sources */,
				9D13039422FD514D00DC983E /* ShippingAgrinentViewController.swift in Sources */,
				9D13647D2319695D0074FE60 /* Color.swift in Sources */,
				9DD0BE9E22F8727C00E55EA8 /* ClientDetailViewController.swift in Sources */,
				9DA4941B2302FE0F00730624 /* ConfirmOrderByCreator.swift in Sources */,
				9DDFD4002303EDC4007DDB36 /* HeaderOrderTableView.swift in Sources */,
				9D136473231918B60074FE60 /* Strings.swift in Sources */,
				9D13039622FD8C6400DC983E /* ButtonForAddFotoOrder.swift in Sources */,
				9DF533A222EEDBE10036866C /* AppDelegate.swift in Sources */,
				9D0EEC632301AAD200891D7D /* DataDeliveryTableViewCell.swift in Sources */,
				9D0EEC4623014B9300891D7D /* GoodsTableViewCell.swift in Sources */,
				9D0B6D33231D62B300E3A8F8 /* Extencions.swift in Sources */,
				9DA30B4A230FE56C0054D1ED /* DeliveryTypeCollectionViewCell.swift in Sources */,
				9D6EE92322F97E3D00F8DFA6 /* FoundUserDetailViewController.swift in Sources */,
				9D1737F7231CFC68009EEDF6 /* RegistrationTableViewCell.swift in Sources */,
				9DACCB8822F42D7200D9F433 /* ButtonWithCornerRadius.swift in Sources */,
				9D13039222FD50AC00DC983E /* OrderViewController.swift in Sources */,
				9DDFD40623041A9B007DDB36 /* ClientData.swift in Sources */,
				9D0EEC5723014C8E00891D7D /* OptionsTableViewCell.swift in Sources */,
				9DD0BEA422F87B9200E55EA8 /* LeftMenuTableViewCell.swift in Sources */,
				9D13647F23196E9A0074FE60 /* Fonts.swift in Sources */,
				9DD0BE7622F8465D00E55EA8 /* ContainerViewController.swift in Sources */,
				9DACCB8022F415A400D9F433 /* MapView.swift in Sources */,
				9DA494162302B77700730624 /* DimensionsTableViewCell.swift in Sources */,
				9D0EEC5B23014CA800891D7D /* DeliveryTypeTableViewCell.swift in Sources */,
				9DDFD4082304215D007DDB36 /* UserProfile.swift in Sources */,
				9DACCB8E22F4473C00D9F433 /* RestApi.swift in Sources */,
				9DACCB8A22F42E8600D9F433 /* TextFieldWithCorner.swift in Sources */,
				9DA494192302D90500730624 /* CheckButton.swift in Sources */,
				9DD0BEA622F87B9300E55EA8 /* LeftMenuViewController.swift in Sources */,
				9D0B6D2E231D3F3700E3A8F8 /* LoginFormView.temp_caseinsensitive_rename.swift in Sources */,
				9D09D7DF22F1E23800D4369F /* HomeViewController.swift in Sources */,
			);
			runOnlyForDeploymentPostprocessing = 0;
		};
/* End PBXSourcesBuildPhase section */

/* Begin PBXVariantGroup section */
		9DF533AA22EEDBE30036866C /* LaunchScreen.storyboard */ = {
			isa = PBXVariantGroup;
			children = (
				9DF533AB22EEDBE30036866C /* Base */,
			);
			name = LaunchScreen.storyboard;
			sourceTree = "<group>";
		};
/* End PBXVariantGroup section */

/* Begin XCBuildConfiguration section */
		9DF533AE22EEDBE30036866C /* Debug */ = {
			isa = XCBuildConfiguration;
			buildSettings = {
				ALWAYS_SEARCH_USER_PATHS = NO;
				CLANG_ANALYZER_NONNULL = YES;
				CLANG_ANALYZER_NUMBER_OBJECT_CONVERSION = YES_AGGRESSIVE;
				CLANG_CXX_LANGUAGE_STANDARD = "gnu++14";
				CLANG_CXX_LIBRARY = "libc++";
				CLANG_ENABLE_MODULES = YES;
				CLANG_ENABLE_OBJC_ARC = YES;
				CLANG_ENABLE_OBJC_WEAK = YES;
				CLANG_WARN_BLOCK_CAPTURE_AUTORELEASING = YES;
				CLANG_WARN_BOOL_CONVERSION = YES;
				CLANG_WARN_COMMA = YES;
				CLANG_WARN_CONSTANT_CONVERSION = YES;
				CLANG_WARN_DEPRECATED_OBJC_IMPLEMENTATIONS = YES;
				CLANG_WARN_DIRECT_OBJC_ISA_USAGE = YES_ERROR;
				CLANG_WARN_DOCUMENTATION_COMMENTS = YES;
				CLANG_WARN_EMPTY_BODY = YES;
				CLANG_WARN_ENUM_CONVERSION = YES;
				CLANG_WARN_INFINITE_RECURSION = YES;
				CLANG_WARN_INT_CONVERSION = YES;
				CLANG_WARN_NON_LITERAL_NULL_CONVERSION = YES;
				CLANG_WARN_OBJC_IMPLICIT_RETAIN_SELF = YES;
				CLANG_WARN_OBJC_LITERAL_CONVERSION = YES;
				CLANG_WARN_OBJC_ROOT_CLASS = YES_ERROR;
				CLANG_WARN_RANGE_LOOP_ANALYSIS = YES;
				CLANG_WARN_STRICT_PROTOTYPES = YES;
				CLANG_WARN_SUSPICIOUS_MOVE = YES;
				CLANG_WARN_UNGUARDED_AVAILABILITY = YES_AGGRESSIVE;
				CLANG_WARN_UNREACHABLE_CODE = YES;
				CLANG_WARN__DUPLICATE_METHOD_MATCH = YES;
				CODE_SIGN_IDENTITY = "iPhone Developer";
				COPY_PHASE_STRIP = NO;
				DEBUG_INFORMATION_FORMAT = dwarf;
				ENABLE_STRICT_OBJC_MSGSEND = YES;
				ENABLE_TESTABILITY = YES;
				GCC_C_LANGUAGE_STANDARD = gnu11;
				GCC_DYNAMIC_NO_PIC = NO;
				GCC_NO_COMMON_BLOCKS = YES;
				GCC_OPTIMIZATION_LEVEL = 0;
				GCC_PREPROCESSOR_DEFINITIONS = (
					"DEBUG=1",
					"$(inherited)",
				);
				GCC_WARN_64_TO_32_BIT_CONVERSION = YES;
				GCC_WARN_ABOUT_RETURN_TYPE = YES_ERROR;
				GCC_WARN_UNDECLARED_SELECTOR = YES;
				GCC_WARN_UNINITIALIZED_AUTOS = YES_AGGRESSIVE;
				GCC_WARN_UNUSED_FUNCTION = YES;
				GCC_WARN_UNUSED_VARIABLE = YES;
				IPHONEOS_DEPLOYMENT_TARGET = 12.4;
				MTL_ENABLE_DEBUG_INFO = INCLUDE_SOURCE;
				MTL_FAST_MATH = YES;
				ONLY_ACTIVE_ARCH = YES;
				SDKROOT = iphoneos;
				SWIFT_ACTIVE_COMPILATION_CONDITIONS = DEBUG;
				SWIFT_OPTIMIZATION_LEVEL = "-Onone";
			};
			name = Debug;
		};
		9DF533AF22EEDBE30036866C /* Release */ = {
			isa = XCBuildConfiguration;
			buildSettings = {
				ALWAYS_SEARCH_USER_PATHS = NO;
				CLANG_ANALYZER_NONNULL = YES;
				CLANG_ANALYZER_NUMBER_OBJECT_CONVERSION = YES_AGGRESSIVE;
				CLANG_CXX_LANGUAGE_STANDARD = "gnu++14";
				CLANG_CXX_LIBRARY = "libc++";
				CLANG_ENABLE_MODULES = YES;
				CLANG_ENABLE_OBJC_ARC = YES;
				CLANG_ENABLE_OBJC_WEAK = YES;
				CLANG_WARN_BLOCK_CAPTURE_AUTORELEASING = YES;
				CLANG_WARN_BOOL_CONVERSION = YES;
				CLANG_WARN_COMMA = YES;
				CLANG_WARN_CONSTANT_CONVERSION = YES;
				CLANG_WARN_DEPRECATED_OBJC_IMPLEMENTATIONS = YES;
				CLANG_WARN_DIRECT_OBJC_ISA_USAGE = YES_ERROR;
				CLANG_WARN_DOCUMENTATION_COMMENTS = YES;
				CLANG_WARN_EMPTY_BODY = YES;
				CLANG_WARN_ENUM_CONVERSION = YES;
				CLANG_WARN_INFINITE_RECURSION = YES;
				CLANG_WARN_INT_CONVERSION = YES;
				CLANG_WARN_NON_LITERAL_NULL_CONVERSION = YES;
				CLANG_WARN_OBJC_IMPLICIT_RETAIN_SELF = YES;
				CLANG_WARN_OBJC_LITERAL_CONVERSION = YES;
				CLANG_WARN_OBJC_ROOT_CLASS = YES_ERROR;
				CLANG_WARN_RANGE_LOOP_ANALYSIS = YES;
				CLANG_WARN_STRICT_PROTOTYPES = YES;
				CLANG_WARN_SUSPICIOUS_MOVE = YES;
				CLANG_WARN_UNGUARDED_AVAILABILITY = YES_AGGRESSIVE;
				CLANG_WARN_UNREACHABLE_CODE = YES;
				CLANG_WARN__DUPLICATE_METHOD_MATCH = YES;
				CODE_SIGN_IDENTITY = "iPhone Developer";
				COPY_PHASE_STRIP = NO;
				DEBUG_INFORMATION_FORMAT = "dwarf-with-dsym";
				ENABLE_NS_ASSERTIONS = NO;
				ENABLE_STRICT_OBJC_MSGSEND = YES;
				GCC_C_LANGUAGE_STANDARD = gnu11;
				GCC_NO_COMMON_BLOCKS = YES;
				GCC_WARN_64_TO_32_BIT_CONVERSION = YES;
				GCC_WARN_ABOUT_RETURN_TYPE = YES_ERROR;
				GCC_WARN_UNDECLARED_SELECTOR = YES;
				GCC_WARN_UNINITIALIZED_AUTOS = YES_AGGRESSIVE;
				GCC_WARN_UNUSED_FUNCTION = YES;
				GCC_WARN_UNUSED_VARIABLE = YES;
				IPHONEOS_DEPLOYMENT_TARGET = 12.4;
				MTL_ENABLE_DEBUG_INFO = NO;
				MTL_FAST_MATH = YES;
				SDKROOT = iphoneos;
				SWIFT_COMPILATION_MODE = wholemodule;
				SWIFT_OPTIMIZATION_LEVEL = "-O";
				VALIDATE_PRODUCT = YES;
			};
			name = Release;
		};
		9DF533B122EEDBE30036866C /* Debug */ = {
			isa = XCBuildConfiguration;
			baseConfigurationReference = 462B678E837F5DDE2DEF6AA4 /* Pods-Xeroe.debug.xcconfig */;
			buildSettings = {
				ASSETCATALOG_COMPILER_APPICON_NAME = AppIcon;
				CLANG_ENABLE_MODULES = YES;
				CODE_SIGN_STYLE = Automatic;
				DEVELOPMENT_TEAM = "";
				INFOPLIST_FILE = Xeroe/Info.plist;
				LD_RUNPATH_SEARCH_PATHS = (
					"$(inherited)",
					"@executable_path/Frameworks",
				);
				PRODUCT_BUNDLE_IDENTIFIER = kinect.pro.Xeroe;
				PRODUCT_NAME = "$(TARGET_NAME)";
				SWIFT_OPTIMIZATION_LEVEL = "-Onone";
				SWIFT_VERSION = 5.0;
				TARGETED_DEVICE_FAMILY = "1,2";
			};
			name = Debug;
		};
		9DF533B222EEDBE30036866C /* Release */ = {
			isa = XCBuildConfiguration;
			baseConfigurationReference = 049E9F30D17E25EF4C50520B /* Pods-Xeroe.release.xcconfig */;
			buildSettings = {
				ASSETCATALOG_COMPILER_APPICON_NAME = AppIcon;
				CLANG_ENABLE_MODULES = YES;
				CODE_SIGN_STYLE = Automatic;
				DEVELOPMENT_TEAM = "";
				INFOPLIST_FILE = Xeroe/Info.plist;
				LD_RUNPATH_SEARCH_PATHS = (
					"$(inherited)",
					"@executable_path/Frameworks",
				);
				PRODUCT_BUNDLE_IDENTIFIER = kinect.pro.Xeroe;
				PRODUCT_NAME = "$(TARGET_NAME)";
				SWIFT_VERSION = 5.0;
				TARGETED_DEVICE_FAMILY = "1,2";
			};
			name = Release;
		};
/* End XCBuildConfiguration section */

/* Begin XCConfigurationList section */
		9DF5339922EEDBE00036866C /* Build configuration list for PBXProject "Xeroe" */ = {
			isa = XCConfigurationList;
			buildConfigurations = (
				9DF533AE22EEDBE30036866C /* Debug */,
				9DF533AF22EEDBE30036866C /* Release */,
			);
			defaultConfigurationIsVisible = 0;
			defaultConfigurationName = Release;
		};
		9DF533B022EEDBE30036866C /* Build configuration list for PBXNativeTarget "Xeroe" */ = {
			isa = XCConfigurationList;
			buildConfigurations = (
				9DF533B122EEDBE30036866C /* Debug */,
				9DF533B222EEDBE30036866C /* Release */,
			);
			defaultConfigurationIsVisible = 0;
			defaultConfigurationName = Release;
		};
/* End XCConfigurationList section */
	};
	rootObject = 9DF5339622EEDBE00036866C /* Project object */;
}
